// !$*UTF8*$!
{
	archiveVersion = 1;
	classes = {
	};
	objectVersion = 51;
	objects = {

/* Begin PBXBuildFile section */
		2B8F07F0BF586C488F579AD7 /* Pods_iChannelsTests.framework in Frameworks */ = {isa = PBXBuildFile; fileRef = 972D534EB954B58A54E63514 /* Pods_iChannelsTests.framework */; };
		36B5EDEB256414150041B40B /* JSONTestDataManager.swift in Sources */ = {isa = PBXBuildFile; fileRef = 36B5EDEA256414150041B40B /* JSONTestDataManager.swift */; };
		36B5EDED256416AD0041B40B /* ChannelsTestJSONData.json in Resources */ = {isa = PBXBuildFile; fileRef = 36B5EDEC256416AD0041B40B /* ChannelsTestJSONData.json */; };
		36B5EDEE256416AD0041B40B /* ChannelsTestJSONData.json in Resources */ = {isa = PBXBuildFile; fileRef = 36B5EDEC256416AD0041B40B /* ChannelsTestJSONData.json */; };
		CE5391FB2561BBE1002C7FFC /* UIApplicationEx.swift in Sources */ = {isa = PBXBuildFile; fileRef = CE5391FA2561BBE1002C7FFC /* UIApplicationEx.swift */; };
		CE53920C2561BD1A002C7FFC /* HomeVCEx.swift in Sources */ = {isa = PBXBuildFile; fileRef = CE5392032561BD1A002C7FFC /* HomeVCEx.swift */; };
		CE53920D2561BD1A002C7FFC /* HomeVC.swift in Sources */ = {isa = PBXBuildFile; fileRef = CE5392042561BD1A002C7FFC /* HomeVC.swift */; };
		CE53920E2561BD1A002C7FFC /* HomeProtocols.swift in Sources */ = {isa = PBXBuildFile; fileRef = CE5392062561BD1A002C7FFC /* HomeProtocols.swift */; };
		CE53920F2561BD1A002C7FFC /* HomeInteractor.swift in Sources */ = {isa = PBXBuildFile; fileRef = CE5392082561BD1A002C7FFC /* HomeInteractor.swift */; };
		CE5392112561BD1A002C7FFC /* HomeBuilder.swift in Sources */ = {isa = PBXBuildFile; fileRef = CE53920A2561BD1A002C7FFC /* HomeBuilder.swift */; };
		CE5392122561BD1A002C7FFC /* HomePresenter.swift in Sources */ = {isa = PBXBuildFile; fileRef = CE53920B2561BD1A002C7FFC /* HomePresenter.swift */; };
		CE5392262561BF00002C7FFC /* EpisodeCollectionViewCell.xib in Resources */ = {isa = PBXBuildFile; fileRef = CE53921B2561BEFF002C7FFC /* EpisodeCollectionViewCell.xib */; };
		CE5392272561BF00002C7FFC /* EpisodeCollectionViewCell.swift in Sources */ = {isa = PBXBuildFile; fileRef = CE53921C2561BEFF002C7FFC /* EpisodeCollectionViewCell.swift */; };
		CE5392282561BF00002C7FFC /* ChannelSectionHeader.swift in Sources */ = {isa = PBXBuildFile; fileRef = CE53921E2561BEFF002C7FFC /* ChannelSectionHeader.swift */; };
		CE5392292561BF00002C7FFC /* ChannelSectionHeader.xib in Resources */ = {isa = PBXBuildFile; fileRef = CE53921F2561BEFF002C7FFC /* ChannelSectionHeader.xib */; };
		CE53922A2561BF00002C7FFC /* NewEpisodeCollectionViewCell.xib in Resources */ = {isa = PBXBuildFile; fileRef = CE5392212561BEFF002C7FFC /* NewEpisodeCollectionViewCell.xib */; };
		CE53922B2561BF00002C7FFC /* NewEpisodeCollectionViewCell.swift in Sources */ = {isa = PBXBuildFile; fileRef = CE5392222561BEFF002C7FFC /* NewEpisodeCollectionViewCell.swift */; };
		CE53922C2561BF00002C7FFC /* CategoryCollectionViewCell.swift in Sources */ = {isa = PBXBuildFile; fileRef = CE5392242561BEFF002C7FFC /* CategoryCollectionViewCell.swift */; };
		CE53922D2561BF00002C7FFC /* CategoryCollectionViewCell.xib in Resources */ = {isa = PBXBuildFile; fileRef = CE5392252561BEFF002C7FFC /* CategoryCollectionViewCell.xib */; };
		CE5392402561BFED002C7FFC /* MultiSectionCollectionViewDataSource.swift in Sources */ = {isa = PBXBuildFile; fileRef = CE53923F2561BFED002C7FFC /* MultiSectionCollectionViewDataSource.swift */; };
		CE5392522561C882002C7FFC /* StringEx.swift in Sources */ = {isa = PBXBuildFile; fileRef = CE5392512561C882002C7FFC /* StringEx.swift */; };
		CE5392572561CA77002C7FFC /* UIViewEx.swift in Sources */ = {isa = PBXBuildFile; fileRef = CE5392562561CA77002C7FFC /* UIViewEx.swift */; };
		CE53925C2561CD52002C7FFC /* Channel.swift in Sources */ = {isa = PBXBuildFile; fileRef = CE53925B2561CD52002C7FFC /* Channel.swift */; };
		CE5392662561CDD7002C7FFC /* Category.swift in Sources */ = {isa = PBXBuildFile; fileRef = CE5392652561CDD7002C7FFC /* Category.swift */; };
		CE5392712561D2DC002C7FFC /* Media.swift in Sources */ = {isa = PBXBuildFile; fileRef = CE5392702561D2DC002C7FFC /* Media.swift */; };
		CE53928E2561DB96002C7FFC /* MoyaServiceHelper.swift in Sources */ = {isa = PBXBuildFile; fileRef = CE5392892561DB95002C7FFC /* MoyaServiceHelper.swift */; };
		CE53928F2561DB96002C7FFC /* Base.swift in Sources */ = {isa = PBXBuildFile; fileRef = CE53928A2561DB95002C7FFC /* Base.swift */; };
		CE5392902561DB96002C7FFC /* Environment.swift in Sources */ = {isa = PBXBuildFile; fileRef = CE53928B2561DB95002C7FFC /* Environment.swift */; };
		CE5392912561DB96002C7FFC /* NetworkError.swift in Sources */ = {isa = PBXBuildFile; fileRef = CE53928C2561DB96002C7FFC /* NetworkError.swift */; };
		CE5392972561DC18002C7FFC /* IntEx.swift in Sources */ = {isa = PBXBuildFile; fileRef = CE5392962561DC18002C7FFC /* IntEx.swift */; };
		CE5392A22561E0B6002C7FFC /* ChannelsAPI.swift in Sources */ = {isa = PBXBuildFile; fileRef = CE53929F2561E0B6002C7FFC /* ChannelsAPI.swift */; };
		CE5392A32561E0B6002C7FFC /* ChannelsNetworkable.swift in Sources */ = {isa = PBXBuildFile; fileRef = CE5392A02561E0B6002C7FFC /* ChannelsNetworkable.swift */; };
		CE5392A42561E0B6002C7FFC /* ChannelsNetworkManager.swift in Sources */ = {isa = PBXBuildFile; fileRef = CE5392A12561E0B6002C7FFC /* ChannelsNetworkManager.swift */; };
		CE5392A92561E16E002C7FFC /* ChannelsResponse.swift in Sources */ = {isa = PBXBuildFile; fileRef = CE5392A82561E16E002C7FFC /* ChannelsResponse.swift */; };
		CE792C672561AC50007D1106 /* AppDelegate.swift in Sources */ = {isa = PBXBuildFile; fileRef = CE792C662561AC50007D1106 /* AppDelegate.swift */; };
		CE792C6E2561AC50007D1106 /* Home.storyboard in Resources */ = {isa = PBXBuildFile; fileRef = CE792C6C2561AC50007D1106 /* Home.storyboard */; };
		CE792C702561AC53007D1106 /* Assets.xcassets in Resources */ = {isa = PBXBuildFile; fileRef = CE792C6F2561AC53007D1106 /* Assets.xcassets */; };
		CE792C732561AC53007D1106 /* LaunchScreen.storyboard in Resources */ = {isa = PBXBuildFile; fileRef = CE792C712561AC53007D1106 /* LaunchScreen.storyboard */; };
		CE792C7E2561AC54007D1106 /* iChannelsTests.swift in Sources */ = {isa = PBXBuildFile; fileRef = CE792C7D2561AC54007D1106 /* iChannelsTests.swift */; };
		CE792CE92561AD97007D1106 /* Activity.swift in Sources */ = {isa = PBXBuildFile; fileRef = CE792CB02561AD96007D1106 /* Activity.swift */; };
		CE792CEA2561AD97007D1106 /* Notify.swift in Sources */ = {isa = PBXBuildFile; fileRef = CE792CB12561AD96007D1106 /* Notify.swift */; };
		CE792CEB2561AD97007D1106 /* DesignableImageView.swift in Sources */ = {isa = PBXBuildFile; fileRef = CE792CB42561AD96007D1106 /* DesignableImageView.swift */; };
		CE792CEC2561AD97007D1106 /* DesignableLabel.swift in Sources */ = {isa = PBXBuildFile; fileRef = CE792CB52561AD96007D1106 /* DesignableLabel.swift */; };
		CE792CED2561AD97007D1106 /* DesignableTextField.swift in Sources */ = {isa = PBXBuildFile; fileRef = CE792CB62561AD96007D1106 /* DesignableTextField.swift */; };
		CE792CEE2561AD98007D1106 /* DesignableButton.swift in Sources */ = {isa = PBXBuildFile; fileRef = CE792CB72561AD96007D1106 /* DesignableButton.swift */; };
		CE792CEF2561AD98007D1106 /* DesignableView.swift in Sources */ = {isa = PBXBuildFile; fileRef = CE792CB82561AD97007D1106 /* DesignableView.swift */; };
		CE792CF52561AD98007D1106 /* BaseNavController.swift in Sources */ = {isa = PBXBuildFile; fileRef = CE792CC02561AD97007D1106 /* BaseNavController.swift */; };
		CE792CF62561AD98007D1106 /* BaseVC.swift in Sources */ = {isa = PBXBuildFile; fileRef = CE792CC12561AD97007D1106 /* BaseVC.swift */; };
		CE792CF72561AD98007D1106 /* AppCoordinator.swift in Sources */ = {isa = PBXBuildFile; fileRef = CE792CC42561AD97007D1106 /* AppCoordinator.swift */; };
		CE792CF82561AD98007D1106 /* LibrariesManager.swift in Sources */ = {isa = PBXBuildFile; fileRef = CE792CC52561AD97007D1106 /* LibrariesManager.swift */; };
		CE792D012561AD98007D1106 /* VCActivityEx.swift in Sources */ = {isa = PBXBuildFile; fileRef = CE792CD22561AD97007D1106 /* VCActivityEx.swift */; };
		CE792D092561AD98007D1106 /* XIBEx.swift in Sources */ = {isa = PBXBuildFile; fileRef = CE792CDA2561AD97007D1106 /* XIBEx.swift */; };
		CE792D0A2561AD98007D1106 /* UIColorEx.swift in Sources */ = {isa = PBXBuildFile; fileRef = CE792CDB2561AD97007D1106 /* UIColorEx.swift */; };
		CE792D0C2561AD98007D1106 /* UIImageEx.swift in Sources */ = {isa = PBXBuildFile; fileRef = CE792CDD2561AD97007D1106 /* UIImageEx.swift */; };
		CE792D0F2561AD98007D1106 /* UICollectionViewEx.swift in Sources */ = {isa = PBXBuildFile; fileRef = CE792CE02561AD97007D1106 /* UICollectionViewEx.swift */; };
		CE792D122561AD98007D1106 /* StoryboardEx.swift in Sources */ = {isa = PBXBuildFile; fileRef = CE792CE32561AD97007D1106 /* StoryboardEx.swift */; };
		CE792D132561AD98007D1106 /* VCEx.swift in Sources */ = {isa = PBXBuildFile; fileRef = CE792CE42561AD97007D1106 /* VCEx.swift */; };
		CE792D142561AD98007D1106 /* CollectionViewDataSource.swift in Sources */ = {isa = PBXBuildFile; fileRef = CE792CE62561AD97007D1106 /* CollectionViewDataSource.swift */; };
		CE792D3E2561B6FB007D1106 /* UIImageViewEx.swift in Sources */ = {isa = PBXBuildFile; fileRef = CE792D3D2561B6FB007D1106 /* UIImageViewEx.swift */; };
		ED920AEF6DF7BB1CA2C21B73 /* Pods_iChannels.framework in Frameworks */ = {isa = PBXBuildFile; fileRef = BDF033E3A6ECF1A9D8F9BE97 /* Pods_iChannels.framework */; };
/* End PBXBuildFile section */

/* Begin PBXContainerItemProxy section */
		CE792C7A2561AC54007D1106 /* PBXContainerItemProxy */ = {
			isa = PBXContainerItemProxy;
			containerPortal = CE792C5B2561AC50007D1106 /* Project object */;
			proxyType = 1;
			remoteGlobalIDString = CE792C622561AC50007D1106;
			remoteInfo = iChannels;
		};
/* End PBXContainerItemProxy section */

/* Begin PBXFileReference section */
		36B5EDEA256414150041B40B /* JSONTestDataManager.swift */ = {isa = PBXFileReference; lastKnownFileType = sourcecode.swift; path = JSONTestDataManager.swift; sourceTree = "<group>"; };
		36B5EDEC256416AD0041B40B /* ChannelsTestJSONData.json */ = {isa = PBXFileReference; fileEncoding = 4; lastKnownFileType = text.json; path = ChannelsTestJSONData.json; sourceTree = "<group>"; };
		4C5312A621ADBCBF27FA0EBF /* Pods-iChannels-iChannelsUITests.release.xcconfig */ = {isa = PBXFileReference; includeInIndex = 1; lastKnownFileType = text.xcconfig; name = "Pods-iChannels-iChannelsUITests.release.xcconfig"; path = "Target Support Files/Pods-iChannels-iChannelsUITests/Pods-iChannels-iChannelsUITests.release.xcconfig"; sourceTree = "<group>"; };
		866A965FE9BD2E83A8BA059E /* Pods-iChannelsTests.release.xcconfig */ = {isa = PBXFileReference; includeInIndex = 1; lastKnownFileType = text.xcconfig; name = "Pods-iChannelsTests.release.xcconfig"; path = "Target Support Files/Pods-iChannelsTests/Pods-iChannelsTests.release.xcconfig"; sourceTree = "<group>"; };
		957438DAB1C565B0F67F6070 /* Pods-iChannelsTests.debug.xcconfig */ = {isa = PBXFileReference; includeInIndex = 1; lastKnownFileType = text.xcconfig; name = "Pods-iChannelsTests.debug.xcconfig"; path = "Target Support Files/Pods-iChannelsTests/Pods-iChannelsTests.debug.xcconfig"; sourceTree = "<group>"; };
		972D534EB954B58A54E63514 /* Pods_iChannelsTests.framework */ = {isa = PBXFileReference; explicitFileType = wrapper.framework; includeInIndex = 0; path = Pods_iChannelsTests.framework; sourceTree = BUILT_PRODUCTS_DIR; };
		A937AC3CFE2EA3654598BC90 /* Pods_iChannels_iChannelsUITests.framework */ = {isa = PBXFileReference; explicitFileType = wrapper.framework; includeInIndex = 0; path = Pods_iChannels_iChannelsUITests.framework; sourceTree = BUILT_PRODUCTS_DIR; };
		BDF033E3A6ECF1A9D8F9BE97 /* Pods_iChannels.framework */ = {isa = PBXFileReference; explicitFileType = wrapper.framework; includeInIndex = 0; path = Pods_iChannels.framework; sourceTree = BUILT_PRODUCTS_DIR; };
		C70DF59D30627733BF91BD67 /* Pods-iChannels-iChannelsUITests.debug.xcconfig */ = {isa = PBXFileReference; includeInIndex = 1; lastKnownFileType = text.xcconfig; name = "Pods-iChannels-iChannelsUITests.debug.xcconfig"; path = "Target Support Files/Pods-iChannels-iChannelsUITests/Pods-iChannels-iChannelsUITests.debug.xcconfig"; sourceTree = "<group>"; };
		C9CC938B7338F09586802941 /* Pods-iChannels.debug.xcconfig */ = {isa = PBXFileReference; includeInIndex = 1; lastKnownFileType = text.xcconfig; name = "Pods-iChannels.debug.xcconfig"; path = "Target Support Files/Pods-iChannels/Pods-iChannels.debug.xcconfig"; sourceTree = "<group>"; };
		CE5391FA2561BBE1002C7FFC /* UIApplicationEx.swift */ = {isa = PBXFileReference; lastKnownFileType = sourcecode.swift; path = UIApplicationEx.swift; sourceTree = "<group>"; };
		CE5392032561BD1A002C7FFC /* HomeVCEx.swift */ = {isa = PBXFileReference; fileEncoding = 4; lastKnownFileType = sourcecode.swift; path = HomeVCEx.swift; sourceTree = "<group>"; };
		CE5392042561BD1A002C7FFC /* HomeVC.swift */ = {isa = PBXFileReference; fileEncoding = 4; lastKnownFileType = sourcecode.swift; path = HomeVC.swift; sourceTree = "<group>"; };
		CE5392062561BD1A002C7FFC /* HomeProtocols.swift */ = {isa = PBXFileReference; fileEncoding = 4; lastKnownFileType = sourcecode.swift; path = HomeProtocols.swift; sourceTree = "<group>"; };
		CE5392082561BD1A002C7FFC /* HomeInteractor.swift */ = {isa = PBXFileReference; fileEncoding = 4; lastKnownFileType = sourcecode.swift; path = HomeInteractor.swift; sourceTree = "<group>"; };
		CE53920A2561BD1A002C7FFC /* HomeBuilder.swift */ = {isa = PBXFileReference; fileEncoding = 4; lastKnownFileType = sourcecode.swift; path = HomeBuilder.swift; sourceTree = "<group>"; };
		CE53920B2561BD1A002C7FFC /* HomePresenter.swift */ = {isa = PBXFileReference; fileEncoding = 4; lastKnownFileType = sourcecode.swift; path = HomePresenter.swift; sourceTree = "<group>"; };
		CE53921B2561BEFF002C7FFC /* EpisodeCollectionViewCell.xib */ = {isa = PBXFileReference; fileEncoding = 4; lastKnownFileType = file.xib; path = EpisodeCollectionViewCell.xib; sourceTree = "<group>"; };
		CE53921C2561BEFF002C7FFC /* EpisodeCollectionViewCell.swift */ = {isa = PBXFileReference; fileEncoding = 4; lastKnownFileType = sourcecode.swift; path = EpisodeCollectionViewCell.swift; sourceTree = "<group>"; };
		CE53921E2561BEFF002C7FFC /* ChannelSectionHeader.swift */ = {isa = PBXFileReference; fileEncoding = 4; lastKnownFileType = sourcecode.swift; path = ChannelSectionHeader.swift; sourceTree = "<group>"; };
		CE53921F2561BEFF002C7FFC /* ChannelSectionHeader.xib */ = {isa = PBXFileReference; fileEncoding = 4; lastKnownFileType = file.xib; path = ChannelSectionHeader.xib; sourceTree = "<group>"; };
		CE5392212561BEFF002C7FFC /* NewEpisodeCollectionViewCell.xib */ = {isa = PBXFileReference; fileEncoding = 4; lastKnownFileType = file.xib; path = NewEpisodeCollectionViewCell.xib; sourceTree = "<group>"; };
		CE5392222561BEFF002C7FFC /* NewEpisodeCollectionViewCell.swift */ = {isa = PBXFileReference; fileEncoding = 4; lastKnownFileType = sourcecode.swift; path = NewEpisodeCollectionViewCell.swift; sourceTree = "<group>"; };
		CE5392242561BEFF002C7FFC /* CategoryCollectionViewCell.swift */ = {isa = PBXFileReference; fileEncoding = 4; lastKnownFileType = sourcecode.swift; path = CategoryCollectionViewCell.swift; sourceTree = "<group>"; };
		CE5392252561BEFF002C7FFC /* CategoryCollectionViewCell.xib */ = {isa = PBXFileReference; fileEncoding = 4; lastKnownFileType = file.xib; path = CategoryCollectionViewCell.xib; sourceTree = "<group>"; };
		CE53923F2561BFED002C7FFC /* MultiSectionCollectionViewDataSource.swift */ = {isa = PBXFileReference; lastKnownFileType = sourcecode.swift; path = MultiSectionCollectionViewDataSource.swift; sourceTree = "<group>"; };
		CE5392512561C882002C7FFC /* StringEx.swift */ = {isa = PBXFileReference; lastKnownFileType = sourcecode.swift; path = StringEx.swift; sourceTree = "<group>"; };
		CE5392562561CA77002C7FFC /* UIViewEx.swift */ = {isa = PBXFileReference; lastKnownFileType = sourcecode.swift; path = UIViewEx.swift; sourceTree = "<group>"; };
		CE53925B2561CD52002C7FFC /* Channel.swift */ = {isa = PBXFileReference; lastKnownFileType = sourcecode.swift; path = Channel.swift; sourceTree = "<group>"; };
		CE5392652561CDD7002C7FFC /* Category.swift */ = {isa = PBXFileReference; lastKnownFileType = sourcecode.swift; path = Category.swift; sourceTree = "<group>"; };
		CE5392702561D2DC002C7FFC /* Media.swift */ = {isa = PBXFileReference; lastKnownFileType = sourcecode.swift; path = Media.swift; sourceTree = "<group>"; };
		CE5392892561DB95002C7FFC /* MoyaServiceHelper.swift */ = {isa = PBXFileReference; fileEncoding = 4; lastKnownFileType = sourcecode.swift; path = MoyaServiceHelper.swift; sourceTree = "<group>"; };
		CE53928A2561DB95002C7FFC /* Base.swift */ = {isa = PBXFileReference; fileEncoding = 4; lastKnownFileType = sourcecode.swift; path = Base.swift; sourceTree = "<group>"; };
		CE53928B2561DB95002C7FFC /* Environment.swift */ = {isa = PBXFileReference; fileEncoding = 4; lastKnownFileType = sourcecode.swift; path = Environment.swift; sourceTree = "<group>"; };
		CE53928C2561DB96002C7FFC /* NetworkError.swift */ = {isa = PBXFileReference; fileEncoding = 4; lastKnownFileType = sourcecode.swift; path = NetworkError.swift; sourceTree = "<group>"; };
		CE5392962561DC18002C7FFC /* IntEx.swift */ = {isa = PBXFileReference; lastKnownFileType = sourcecode.swift; path = IntEx.swift; sourceTree = "<group>"; };
		CE53929F2561E0B6002C7FFC /* ChannelsAPI.swift */ = {isa = PBXFileReference; fileEncoding = 4; lastKnownFileType = sourcecode.swift; path = ChannelsAPI.swift; sourceTree = "<group>"; };
		CE5392A02561E0B6002C7FFC /* ChannelsNetworkable.swift */ = {isa = PBXFileReference; fileEncoding = 4; lastKnownFileType = sourcecode.swift; path = ChannelsNetworkable.swift; sourceTree = "<group>"; };
		CE5392A12561E0B6002C7FFC /* ChannelsNetworkManager.swift */ = {isa = PBXFileReference; fileEncoding = 4; lastKnownFileType = sourcecode.swift; path = ChannelsNetworkManager.swift; sourceTree = "<group>"; };
		CE5392A82561E16E002C7FFC /* ChannelsResponse.swift */ = {isa = PBXFileReference; lastKnownFileType = sourcecode.swift; path = ChannelsResponse.swift; sourceTree = "<group>"; };
		CE792C632561AC50007D1106 /* iChannels.app */ = {isa = PBXFileReference; explicitFileType = wrapper.application; includeInIndex = 0; path = iChannels.app; sourceTree = BUILT_PRODUCTS_DIR; };
		CE792C662561AC50007D1106 /* AppDelegate.swift */ = {isa = PBXFileReference; lastKnownFileType = sourcecode.swift; path = AppDelegate.swift; sourceTree = "<group>"; };
		CE792C6D2561AC50007D1106 /* Base */ = {isa = PBXFileReference; lastKnownFileType = file.storyboard; name = Base; path = Base.lproj/Home.storyboard; sourceTree = "<group>"; };
		CE792C6F2561AC53007D1106 /* Assets.xcassets */ = {isa = PBXFileReference; lastKnownFileType = folder.assetcatalog; path = Assets.xcassets; sourceTree = "<group>"; };
		CE792C722561AC53007D1106 /* Base */ = {isa = PBXFileReference; lastKnownFileType = file.storyboard; name = Base; path = Base.lproj/LaunchScreen.storyboard; sourceTree = "<group>"; };
		CE792C742561AC53007D1106 /* Info.plist */ = {isa = PBXFileReference; lastKnownFileType = text.plist.xml; path = Info.plist; sourceTree = "<group>"; };
		CE792C792561AC54007D1106 /* iChannelsTests.xctest */ = {isa = PBXFileReference; explicitFileType = wrapper.cfbundle; includeInIndex = 0; path = iChannelsTests.xctest; sourceTree = BUILT_PRODUCTS_DIR; };
		CE792C7D2561AC54007D1106 /* iChannelsTests.swift */ = {isa = PBXFileReference; lastKnownFileType = sourcecode.swift; path = iChannelsTests.swift; sourceTree = "<group>"; };
		CE792C7F2561AC54007D1106 /* Info.plist */ = {isa = PBXFileReference; lastKnownFileType = text.plist.xml; path = Info.plist; sourceTree = "<group>"; };
		CE792CB02561AD96007D1106 /* Activity.swift */ = {isa = PBXFileReference; fileEncoding = 4; lastKnownFileType = sourcecode.swift; path = Activity.swift; sourceTree = "<group>"; };
		CE792CB12561AD96007D1106 /* Notify.swift */ = {isa = PBXFileReference; fileEncoding = 4; lastKnownFileType = sourcecode.swift; path = Notify.swift; sourceTree = "<group>"; };
		CE792CB42561AD96007D1106 /* DesignableImageView.swift */ = {isa = PBXFileReference; fileEncoding = 4; lastKnownFileType = sourcecode.swift; path = DesignableImageView.swift; sourceTree = "<group>"; };
		CE792CB52561AD96007D1106 /* DesignableLabel.swift */ = {isa = PBXFileReference; fileEncoding = 4; lastKnownFileType = sourcecode.swift; path = DesignableLabel.swift; sourceTree = "<group>"; };
		CE792CB62561AD96007D1106 /* DesignableTextField.swift */ = {isa = PBXFileReference; fileEncoding = 4; lastKnownFileType = sourcecode.swift; path = DesignableTextField.swift; sourceTree = "<group>"; };
		CE792CB72561AD96007D1106 /* DesignableButton.swift */ = {isa = PBXFileReference; fileEncoding = 4; lastKnownFileType = sourcecode.swift; path = DesignableButton.swift; sourceTree = "<group>"; };
		CE792CB82561AD97007D1106 /* DesignableView.swift */ = {isa = PBXFileReference; fileEncoding = 4; lastKnownFileType = sourcecode.swift; path = DesignableView.swift; sourceTree = "<group>"; };
		CE792CC02561AD97007D1106 /* BaseNavController.swift */ = {isa = PBXFileReference; fileEncoding = 4; lastKnownFileType = sourcecode.swift; path = BaseNavController.swift; sourceTree = "<group>"; };
		CE792CC12561AD97007D1106 /* BaseVC.swift */ = {isa = PBXFileReference; fileEncoding = 4; lastKnownFileType = sourcecode.swift; path = BaseVC.swift; sourceTree = "<group>"; };
		CE792CC42561AD97007D1106 /* AppCoordinator.swift */ = {isa = PBXFileReference; fileEncoding = 4; lastKnownFileType = sourcecode.swift; path = AppCoordinator.swift; sourceTree = "<group>"; };
		CE792CC52561AD97007D1106 /* LibrariesManager.swift */ = {isa = PBXFileReference; fileEncoding = 4; lastKnownFileType = sourcecode.swift; path = LibrariesManager.swift; sourceTree = "<group>"; };
		CE792CD22561AD97007D1106 /* VCActivityEx.swift */ = {isa = PBXFileReference; fileEncoding = 4; lastKnownFileType = sourcecode.swift; path = VCActivityEx.swift; sourceTree = "<group>"; };
		CE792CDA2561AD97007D1106 /* XIBEx.swift */ = {isa = PBXFileReference; fileEncoding = 4; lastKnownFileType = sourcecode.swift; path = XIBEx.swift; sourceTree = "<group>"; };
		CE792CDB2561AD97007D1106 /* UIColorEx.swift */ = {isa = PBXFileReference; fileEncoding = 4; lastKnownFileType = sourcecode.swift; path = UIColorEx.swift; sourceTree = "<group>"; };
		CE792CDD2561AD97007D1106 /* UIImageEx.swift */ = {isa = PBXFileReference; fileEncoding = 4; lastKnownFileType = sourcecode.swift; path = UIImageEx.swift; sourceTree = "<group>"; };
		CE792CE02561AD97007D1106 /* UICollectionViewEx.swift */ = {isa = PBXFileReference; fileEncoding = 4; lastKnownFileType = sourcecode.swift; path = UICollectionViewEx.swift; sourceTree = "<group>"; };
		CE792CE32561AD97007D1106 /* StoryboardEx.swift */ = {isa = PBXFileReference; fileEncoding = 4; lastKnownFileType = sourcecode.swift; path = StoryboardEx.swift; sourceTree = "<group>"; };
		CE792CE42561AD97007D1106 /* VCEx.swift */ = {isa = PBXFileReference; fileEncoding = 4; lastKnownFileType = sourcecode.swift; path = VCEx.swift; sourceTree = "<group>"; };
		CE792CE62561AD97007D1106 /* CollectionViewDataSource.swift */ = {isa = PBXFileReference; fileEncoding = 4; lastKnownFileType = sourcecode.swift; path = CollectionViewDataSource.swift; sourceTree = "<group>"; };
		CE792D3D2561B6FB007D1106 /* UIImageViewEx.swift */ = {isa = PBXFileReference; lastKnownFileType = sourcecode.swift; path = UIImageViewEx.swift; sourceTree = "<group>"; };
		E7B14CE1A881034CB561E605 /* Pods-iChannels.release.xcconfig */ = {isa = PBXFileReference; includeInIndex = 1; lastKnownFileType = text.xcconfig; name = "Pods-iChannels.release.xcconfig"; path = "Target Support Files/Pods-iChannels/Pods-iChannels.release.xcconfig"; sourceTree = "<group>"; };
/* End PBXFileReference section */

/* Begin PBXFrameworksBuildPhase section */
		CE792C602561AC50007D1106 /* Frameworks */ = {
			isa = PBXFrameworksBuildPhase;
			buildActionMask = 2147483647;
			files = (
				ED920AEF6DF7BB1CA2C21B73 /* Pods_iChannels.framework in Frameworks */,
			);
			runOnlyForDeploymentPostprocessing = 0;
		};
		CE792C762561AC54007D1106 /* Frameworks */ = {
			isa = PBXFrameworksBuildPhase;
			buildActionMask = 2147483647;
			files = (
				2B8F07F0BF586C488F579AD7 /* Pods_iChannelsTests.framework in Frameworks */,
			);
			runOnlyForDeploymentPostprocessing = 0;
		};
/* End PBXFrameworksBuildPhase section */

/* Begin PBXGroup section */
		36B5EDE9256413F30041B40B /* Testing */ = {
			isa = PBXGroup;
			children = (
				36B5EDEC256416AD0041B40B /* ChannelsTestJSONData.json */,
				36B5EDEA256414150041B40B /* JSONTestDataManager.swift */,
			);
			path = Testing;
			sourceTree = "<group>";
		};
		936D1F34673C8E61BDBE2CC8 /* Pods */ = {
			isa = PBXGroup;
			children = (
				C9CC938B7338F09586802941 /* Pods-iChannels.debug.xcconfig */,
				E7B14CE1A881034CB561E605 /* Pods-iChannels.release.xcconfig */,
				C70DF59D30627733BF91BD67 /* Pods-iChannels-iChannelsUITests.debug.xcconfig */,
				4C5312A621ADBCBF27FA0EBF /* Pods-iChannels-iChannelsUITests.release.xcconfig */,
				957438DAB1C565B0F67F6070 /* Pods-iChannelsTests.debug.xcconfig */,
				866A965FE9BD2E83A8BA059E /* Pods-iChannelsTests.release.xcconfig */,
			);
			path = Pods;
			sourceTree = "<group>";
		};
		CE5391D62561BAA9002C7FFC /* Home */ = {
			isa = PBXGroup;
			children = (
				CE5392312561BF37002C7FFC /* Model */,
				CE5392192561BED3002C7FFC /* View */,
				CE5392072561BD1A002C7FFC /* Components */,
				CE5392022561BD1A002C7FFC /* Controller */,
				CE5392052561BD1A002C7FFC /* Protocols */,
			);
			path = Home;
			sourceTree = "<group>";
		};
		CE5392022561BD1A002C7FFC /* Controller */ = {
			isa = PBXGroup;
			children = (
				CE5392042561BD1A002C7FFC /* HomeVC.swift */,
				CE5392032561BD1A002C7FFC /* HomeVCEx.swift */,
			);
			path = Controller;
			sourceTree = "<group>";
		};
		CE5392052561BD1A002C7FFC /* Protocols */ = {
			isa = PBXGroup;
			children = (
				CE5392062561BD1A002C7FFC /* HomeProtocols.swift */,
			);
			path = Protocols;
			sourceTree = "<group>";
		};
		CE5392072561BD1A002C7FFC /* Components */ = {
			isa = PBXGroup;
			children = (
				CE5392082561BD1A002C7FFC /* HomeInteractor.swift */,
				CE53920A2561BD1A002C7FFC /* HomeBuilder.swift */,
				CE53920B2561BD1A002C7FFC /* HomePresenter.swift */,
			);
			path = Components;
			sourceTree = "<group>";
		};
		CE5392192561BED3002C7FFC /* View */ = {
			isa = PBXGroup;
			children = (
				CE5392232561BEFF002C7FFC /* Category Cell */,
				CE53921A2561BEFF002C7FFC /* Episode Cell */,
				CE5392202561BEFF002C7FFC /* New Episode Cell */,
				CE53921D2561BEFF002C7FFC /* Section Header */,
			);
			path = View;
			sourceTree = "<group>";
		};
		CE53921A2561BEFF002C7FFC /* Episode Cell */ = {
			isa = PBXGroup;
			children = (
				CE53921B2561BEFF002C7FFC /* EpisodeCollectionViewCell.xib */,
				CE53921C2561BEFF002C7FFC /* EpisodeCollectionViewCell.swift */,
			);
			path = "Episode Cell";
			sourceTree = "<group>";
		};
		CE53921D2561BEFF002C7FFC /* Section Header */ = {
			isa = PBXGroup;
			children = (
				CE53921E2561BEFF002C7FFC /* ChannelSectionHeader.swift */,
				CE53921F2561BEFF002C7FFC /* ChannelSectionHeader.xib */,
			);
			path = "Section Header";
			sourceTree = "<group>";
		};
		CE5392202561BEFF002C7FFC /* New Episode Cell */ = {
			isa = PBXGroup;
			children = (
				CE5392212561BEFF002C7FFC /* NewEpisodeCollectionViewCell.xib */,
				CE5392222561BEFF002C7FFC /* NewEpisodeCollectionViewCell.swift */,
			);
			path = "New Episode Cell";
			sourceTree = "<group>";
		};
		CE5392232561BEFF002C7FFC /* Category Cell */ = {
			isa = PBXGroup;
			children = (
				CE5392242561BEFF002C7FFC /* CategoryCollectionViewCell.swift */,
				CE5392252561BEFF002C7FFC /* CategoryCollectionViewCell.xib */,
			);
			path = "Category Cell";
			sourceTree = "<group>";
		};
		CE5392312561BF37002C7FFC /* Model */ = {
			isa = PBXGroup;
			children = (
				CE53925B2561CD52002C7FFC /* Channel.swift */,
				CE5392652561CDD7002C7FFC /* Category.swift */,
				CE5392702561D2DC002C7FFC /* Media.swift */,
			);
			path = Model;
			sourceTree = "<group>";
		};
		CE5392852561DB20002C7FFC /* Remote */ = {
			isa = PBXGroup;
			children = (
				CE5392862561DB2A002C7FFC /* Base */,
				CE5392872561DB30002C7FFC /* Modules */,
			);
			path = Remote;
			sourceTree = "<group>";
		};
		CE5392862561DB2A002C7FFC /* Base */ = {
			isa = PBXGroup;
			children = (
				CE53928A2561DB95002C7FFC /* Base.swift */,
				CE53928B2561DB95002C7FFC /* Environment.swift */,
				CE5392892561DB95002C7FFC /* MoyaServiceHelper.swift */,
				CE53928C2561DB96002C7FFC /* NetworkError.swift */,
			);
			path = Base;
			sourceTree = "<group>";
		};
		CE5392872561DB30002C7FFC /* Modules */ = {
			isa = PBXGroup;
			children = (
				CE53929E2561E06C002C7FFC /* Channels */,
			);
			path = Modules;
			sourceTree = "<group>";
		};
		CE53929E2561E06C002C7FFC /* Channels */ = {
			isa = PBXGroup;
			children = (
				CE53929F2561E0B6002C7FFC /* ChannelsAPI.swift */,
				CE5392A02561E0B6002C7FFC /* ChannelsNetworkable.swift */,
				CE5392A12561E0B6002C7FFC /* ChannelsNetworkManager.swift */,
				CE5392A82561E16E002C7FFC /* ChannelsResponse.swift */,
			);
			path = Channels;
			sourceTree = "<group>";
		};
		CE792C5A2561AC50007D1106 = {
			isa = PBXGroup;
			children = (
				CE792C652561AC50007D1106 /* iChannels */,
				CE792C7C2561AC54007D1106 /* iChannelsTests */,
				CE792C642561AC50007D1106 /* Products */,
				936D1F34673C8E61BDBE2CC8 /* Pods */,
				F894574A589BAEDA168D5680 /* Frameworks */,
			);
			sourceTree = "<group>";
		};
		CE792C642561AC50007D1106 /* Products */ = {
			isa = PBXGroup;
			children = (
				CE792C632561AC50007D1106 /* iChannels.app */,
				CE792C792561AC54007D1106 /* iChannelsTests.xctest */,
			);
			name = Products;
			sourceTree = "<group>";
		};
		CE792C652561AC50007D1106 /* iChannels */ = {
			isa = PBXGroup;
			children = (
				CE792C9F2561ACA8007D1106 /* Supporting Files */,
				CE792CA62561ACC6007D1106 /* Resources */,
				CE792CA82561ACD3007D1106 /* Screens */,
				CE792CA72561ACCD007D1106 /* Modules */,
				CE792CA92561ACD9007D1106 /* Service */,
				CE792CAA2561ACE5007D1106 /* Core */,
			);
			path = iChannels;
			sourceTree = "<group>";
		};
		CE792C7C2561AC54007D1106 /* iChannelsTests */ = {
			isa = PBXGroup;
			children = (
				CE792C7D2561AC54007D1106 /* iChannelsTests.swift */,
				CE792C7F2561AC54007D1106 /* Info.plist */,
			);
			path = iChannelsTests;
			sourceTree = "<group>";
		};
		CE792C9F2561ACA8007D1106 /* Supporting Files */ = {
			isa = PBXGroup;
			children = (
				CE792C662561AC50007D1106 /* AppDelegate.swift */,
				CE792C742561AC53007D1106 /* Info.plist */,
			);
			path = "Supporting Files";
			sourceTree = "<group>";
		};
		CE792CA62561ACC6007D1106 /* Resources */ = {
			isa = PBXGroup;
			children = (
				CE792C6F2561AC53007D1106 /* Assets.xcassets */,
			);
			path = Resources;
			sourceTree = "<group>";
		};
		CE792CA72561ACCD007D1106 /* Modules */ = {
			isa = PBXGroup;
			children = (
				CE5391D62561BAA9002C7FFC /* Home */,
			);
			path = Modules;
			sourceTree = "<group>";
		};
		CE792CA82561ACD3007D1106 /* Screens */ = {
			isa = PBXGroup;
			children = (
				CE792C6C2561AC50007D1106 /* Home.storyboard */,
				CE792C712561AC53007D1106 /* LaunchScreen.storyboard */,
			);
			path = Screens;
			sourceTree = "<group>";
		};
		CE792CA92561ACD9007D1106 /* Service */ = {
			isa = PBXGroup;
			children = (
				CE5392852561DB20002C7FFC /* Remote */,
			);
			path = Service;
			sourceTree = "<group>";
		};
		CE792CAA2561ACE5007D1106 /* Core */ = {
			isa = PBXGroup;
			children = (
				36B5EDE9256413F30041B40B /* Testing */,
				CE792CB22561AD96007D1106 /* Custom UI */,
				CE792CD02561AD97007D1106 /* Extensions */,
				CE792CE52561AD97007D1106 /* Generic Components */,
				CE792CAE2561AD96007D1106 /* Helpers */,
				CE792CC22561AD97007D1106 /* Managers */,
			);
			path = Core;
			sourceTree = "<group>";
		};
		CE792CAE2561AD96007D1106 /* Helpers */ = {
			isa = PBXGroup;
			children = (
				CE792CB02561AD96007D1106 /* Activity.swift */,
				CE792CB12561AD96007D1106 /* Notify.swift */,
			);
			path = Helpers;
			sourceTree = "<group>";
		};
		CE792CB22561AD96007D1106 /* Custom UI */ = {
			isa = PBXGroup;
			children = (
				CE792CB32561AD96007D1106 /* Designable */,
				CE792CBF2561AD97007D1106 /* Base */,
			);
			path = "Custom UI";
			sourceTree = "<group>";
		};
		CE792CB32561AD96007D1106 /* Designable */ = {
			isa = PBXGroup;
			children = (
				CE792CB42561AD96007D1106 /* DesignableImageView.swift */,
				CE792CB52561AD96007D1106 /* DesignableLabel.swift */,
				CE792CB62561AD96007D1106 /* DesignableTextField.swift */,
				CE792CB72561AD96007D1106 /* DesignableButton.swift */,
				CE792CB82561AD97007D1106 /* DesignableView.swift */,
			);
			path = Designable;
			sourceTree = "<group>";
		};
		CE792CBF2561AD97007D1106 /* Base */ = {
			isa = PBXGroup;
			children = (
				CE792CC02561AD97007D1106 /* BaseNavController.swift */,
				CE792CC12561AD97007D1106 /* BaseVC.swift */,
			);
			path = Base;
			sourceTree = "<group>";
		};
		CE792CC22561AD97007D1106 /* Managers */ = {
			isa = PBXGroup;
			children = (
				CE792CC32561AD97007D1106 /* Setup */,
			);
			path = Managers;
			sourceTree = "<group>";
		};
		CE792CC32561AD97007D1106 /* Setup */ = {
			isa = PBXGroup;
			children = (
				CE792CC42561AD97007D1106 /* AppCoordinator.swift */,
				CE792CC52561AD97007D1106 /* LibrariesManager.swift */,
			);
			path = Setup;
			sourceTree = "<group>";
		};
		CE792CD02561AD97007D1106 /* Extensions */ = {
			isa = PBXGroup;
			children = (
				CE792CD22561AD97007D1106 /* VCActivityEx.swift */,
				CE792CDA2561AD97007D1106 /* XIBEx.swift */,
				CE792CDB2561AD97007D1106 /* UIColorEx.swift */,
				CE792CDD2561AD97007D1106 /* UIImageEx.swift */,
				CE792CE02561AD97007D1106 /* UICollectionViewEx.swift */,
				CE792CE32561AD97007D1106 /* StoryboardEx.swift */,
				CE792CE42561AD97007D1106 /* VCEx.swift */,
				CE792D3D2561B6FB007D1106 /* UIImageViewEx.swift */,
				CE5391FA2561BBE1002C7FFC /* UIApplicationEx.swift */,
				CE5392512561C882002C7FFC /* StringEx.swift */,
				CE5392562561CA77002C7FFC /* UIViewEx.swift */,
				CE5392962561DC18002C7FFC /* IntEx.swift */,
			);
			path = Extensions;
			sourceTree = "<group>";
		};
		CE792CE52561AD97007D1106 /* Generic Components */ = {
			isa = PBXGroup;
			children = (
				CE792CE62561AD97007D1106 /* CollectionViewDataSource.swift */,
				CE53923F2561BFED002C7FFC /* MultiSectionCollectionViewDataSource.swift */,
			);
			path = "Generic Components";
			sourceTree = "<group>";
		};
		F894574A589BAEDA168D5680 /* Frameworks */ = {
			isa = PBXGroup;
			children = (
				BDF033E3A6ECF1A9D8F9BE97 /* Pods_iChannels.framework */,
				A937AC3CFE2EA3654598BC90 /* Pods_iChannels_iChannelsUITests.framework */,
				972D534EB954B58A54E63514 /* Pods_iChannelsTests.framework */,
			);
			name = Frameworks;
			sourceTree = "<group>";
		};
/* End PBXGroup section */

/* Begin PBXNativeTarget section */
		CE792C622561AC50007D1106 /* iChannels */ = {
			isa = PBXNativeTarget;
			buildConfigurationList = CE792C8D2561AC54007D1106 /* Build configuration list for PBXNativeTarget "iChannels" */;
			buildPhases = (
				04D464F6A9604C658C7F6677 /* [CP] Check Pods Manifest.lock */,
				CE792C5F2561AC50007D1106 /* Sources */,
				CE792C602561AC50007D1106 /* Frameworks */,
				CE792C612561AC50007D1106 /* Resources */,
				E7E86C4A02A6570D0BE93B17 /* [CP] Embed Pods Frameworks */,
			);
			buildRules = (
			);
			dependencies = (
			);
			name = iChannels;
			productName = iChannels;
			productReference = CE792C632561AC50007D1106 /* iChannels.app */;
			productType = "com.apple.product-type.application";
		};
		CE792C782561AC54007D1106 /* iChannelsTests */ = {
			isa = PBXNativeTarget;
			buildConfigurationList = CE792C902561AC54007D1106 /* Build configuration list for PBXNativeTarget "iChannelsTests" */;
			buildPhases = (
				221A3FBA2B3FA7F825430739 /* [CP] Check Pods Manifest.lock */,
				CE792C752561AC54007D1106 /* Sources */,
				CE792C762561AC54007D1106 /* Frameworks */,
				CE792C772561AC54007D1106 /* Resources */,
			);
			buildRules = (
			);
			dependencies = (
				CE792C7B2561AC54007D1106 /* PBXTargetDependency */,
			);
			name = iChannelsTests;
			productName = iChannelsTests;
			productReference = CE792C792561AC54007D1106 /* iChannelsTests.xctest */;
			productType = "com.apple.product-type.bundle.unit-test";
		};
/* End PBXNativeTarget section */

/* Begin PBXProject section */
		CE792C5B2561AC50007D1106 /* Project object */ = {
			isa = PBXProject;
			attributes = {
				LastSwiftUpdateCheck = 1210;
				LastUpgradeCheck = 1210;
				TargetAttributes = {
					CE792C622561AC50007D1106 = {
						CreatedOnToolsVersion = 12.1.1;
					};
					CE792C782561AC54007D1106 = {
						CreatedOnToolsVersion = 12.1.1;
						TestTargetID = CE792C622561AC50007D1106;
					};
				};
			};
			buildConfigurationList = CE792C5E2561AC50007D1106 /* Build configuration list for PBXProject "iChannels" */;
			compatibilityVersion = "Xcode 9.3";
			developmentRegion = en;
			hasScannedForEncodings = 0;
			knownRegions = (
				en,
				Base,
			);
			mainGroup = CE792C5A2561AC50007D1106;
			productRefGroup = CE792C642561AC50007D1106 /* Products */;
			projectDirPath = "";
			projectRoot = "";
			targets = (
				CE792C622561AC50007D1106 /* iChannels */,
				CE792C782561AC54007D1106 /* iChannelsTests */,
			);
		};
/* End PBXProject section */

/* Begin PBXResourcesBuildPhase section */
		CE792C612561AC50007D1106 /* Resources */ = {
			isa = PBXResourcesBuildPhase;
			buildActionMask = 2147483647;
			files = (
				CE5392292561BF00002C7FFC /* ChannelSectionHeader.xib in Resources */,
				CE53922D2561BF00002C7FFC /* CategoryCollectionViewCell.xib in Resources */,
				CE792C732561AC53007D1106 /* LaunchScreen.storyboard in Resources */,
				CE53922A2561BF00002C7FFC /* NewEpisodeCollectionViewCell.xib in Resources */,
				CE792C702561AC53007D1106 /* Assets.xcassets in Resources */,
				36B5EDED256416AD0041B40B /* ChannelsTestJSONData.json in Resources */,
				CE5392262561BF00002C7FFC /* EpisodeCollectionViewCell.xib in Resources */,
				CE792C6E2561AC50007D1106 /* Home.storyboard in Resources */,
			);
			runOnlyForDeploymentPostprocessing = 0;
		};
		CE792C772561AC54007D1106 /* Resources */ = {
			isa = PBXResourcesBuildPhase;
			buildActionMask = 2147483647;
			files = (
				36B5EDEE256416AD0041B40B /* ChannelsTestJSONData.json in Resources */,
			);
			runOnlyForDeploymentPostprocessing = 0;
		};
/* End PBXResourcesBuildPhase section */

/* Begin PBXShellScriptBuildPhase section */
		04D464F6A9604C658C7F6677 /* [CP] Check Pods Manifest.lock */ = {
			isa = PBXShellScriptBuildPhase;
			buildActionMask = 2147483647;
			files = (
			);
			inputFileListPaths = (
			);
			inputPaths = (
				"${PODS_PODFILE_DIR_PATH}/Podfile.lock",
				"${PODS_ROOT}/Manifest.lock",
			);
			name = "[CP] Check Pods Manifest.lock";
			outputFileListPaths = (
			);
			outputPaths = (
				"$(DERIVED_FILE_DIR)/Pods-iChannels-checkManifestLockResult.txt",
			);
			runOnlyForDeploymentPostprocessing = 0;
			shellPath = /bin/sh;
			shellScript = "diff \"${PODS_PODFILE_DIR_PATH}/Podfile.lock\" \"${PODS_ROOT}/Manifest.lock\" > /dev/null\nif [ $? != 0 ] ; then\n    # print error to STDERR\n    echo \"error: The sandbox is not in sync with the Podfile.lock. Run 'pod install' or update your CocoaPods installation.\" >&2\n    exit 1\nfi\n# This output is used by Xcode 'outputs' to avoid re-running this script phase.\necho \"SUCCESS\" > \"${SCRIPT_OUTPUT_FILE_0}\"\n";
			showEnvVarsInLog = 0;
		};
		221A3FBA2B3FA7F825430739 /* [CP] Check Pods Manifest.lock */ = {
			isa = PBXShellScriptBuildPhase;
			buildActionMask = 2147483647;
			files = (
			);
			inputFileListPaths = (
			);
			inputPaths = (
				"${PODS_PODFILE_DIR_PATH}/Podfile.lock",
				"${PODS_ROOT}/Manifest.lock",
			);
			name = "[CP] Check Pods Manifest.lock";
			outputFileListPaths = (
			);
			outputPaths = (
				"$(DERIVED_FILE_DIR)/Pods-iChannelsTests-checkManifestLockResult.txt",
			);
			runOnlyForDeploymentPostprocessing = 0;
			shellPath = /bin/sh;
			shellScript = "diff \"${PODS_PODFILE_DIR_PATH}/Podfile.lock\" \"${PODS_ROOT}/Manifest.lock\" > /dev/null\nif [ $? != 0 ] ; then\n    # print error to STDERR\n    echo \"error: The sandbox is not in sync with the Podfile.lock. Run 'pod install' or update your CocoaPods installation.\" >&2\n    exit 1\nfi\n# This output is used by Xcode 'outputs' to avoid re-running this script phase.\necho \"SUCCESS\" > \"${SCRIPT_OUTPUT_FILE_0}\"\n";
			showEnvVarsInLog = 0;
		};
		E7E86C4A02A6570D0BE93B17 /* [CP] Embed Pods Frameworks */ = {
			isa = PBXShellScriptBuildPhase;
			buildActionMask = 2147483647;
			files = (
			);
			inputFileListPaths = (
				"${PODS_ROOT}/Target Support Files/Pods-iChannels/Pods-iChannels-frameworks-${CONFIGURATION}-input-files.xcfilelist",
			);
			name = "[CP] Embed Pods Frameworks";
			outputFileListPaths = (
				"${PODS_ROOT}/Target Support Files/Pods-iChannels/Pods-iChannels-frameworks-${CONFIGURATION}-output-files.xcfilelist",
			);
			runOnlyForDeploymentPostprocessing = 0;
			shellPath = /bin/sh;
			shellScript = "\"${PODS_ROOT}/Target Support Files/Pods-iChannels/Pods-iChannels-frameworks.sh\"\n";
			showEnvVarsInLog = 0;
		};
/* End PBXShellScriptBuildPhase section */

/* Begin PBXSourcesBuildPhase section */
		CE792C5F2561AC50007D1106 /* Sources */ = {
			isa = PBXSourcesBuildPhase;
			buildActionMask = 2147483647;
			files = (
				CE53922C2561BF00002C7FFC /* CategoryCollectionViewCell.swift in Sources */,
				CE5392572561CA77002C7FFC /* UIViewEx.swift in Sources */,
				CE792CEA2561AD97007D1106 /* Notify.swift in Sources */,
				CE5392402561BFED002C7FFC /* MultiSectionCollectionViewDataSource.swift in Sources */,
				CE792CEB2561AD97007D1106 /* DesignableImageView.swift in Sources */,
				CE792CF72561AD98007D1106 /* AppCoordinator.swift in Sources */,
				CE5392A32561E0B6002C7FFC /* ChannelsNetworkable.swift in Sources */,
				CE792CE92561AD97007D1106 /* Activity.swift in Sources */,
				CE5392282561BF00002C7FFC /* ChannelSectionHeader.swift in Sources */,
				CE5392122561BD1A002C7FFC /* HomePresenter.swift in Sources */,
				CE5392A92561E16E002C7FFC /* ChannelsResponse.swift in Sources */,
				CE792D132561AD98007D1106 /* VCEx.swift in Sources */,
				CE53922B2561BF00002C7FFC /* NewEpisodeCollectionViewCell.swift in Sources */,
				CE792CF82561AD98007D1106 /* LibrariesManager.swift in Sources */,
				CE792CF52561AD98007D1106 /* BaseNavController.swift in Sources */,
				CE53920F2561BD1A002C7FFC /* HomeInteractor.swift in Sources */,
				CE5391FB2561BBE1002C7FFC /* UIApplicationEx.swift in Sources */,
				CE792D0A2561AD98007D1106 /* UIColorEx.swift in Sources */,
				CE53920D2561BD1A002C7FFC /* HomeVC.swift in Sources */,
				CE5392272561BF00002C7FFC /* EpisodeCollectionViewCell.swift in Sources */,
				CE792D142561AD98007D1106 /* CollectionViewDataSource.swift in Sources */,
				CE792D0C2561AD98007D1106 /* UIImageEx.swift in Sources */,
				CE53925C2561CD52002C7FFC /* Channel.swift in Sources */,
				CE5392522561C882002C7FFC /* StringEx.swift in Sources */,
				CE5392712561D2DC002C7FFC /* Media.swift in Sources */,
				CE792D0F2561AD98007D1106 /* UICollectionViewEx.swift in Sources */,
				CE792D3E2561B6FB007D1106 /* UIImageViewEx.swift in Sources */,
				CE5392972561DC18002C7FFC /* IntEx.swift in Sources */,
				CE792CEE2561AD98007D1106 /* DesignableButton.swift in Sources */,
				CE53928F2561DB96002C7FFC /* Base.swift in Sources */,
				CE792CED2561AD97007D1106 /* DesignableTextField.swift in Sources */,
				CE53920E2561BD1A002C7FFC /* HomeProtocols.swift in Sources */,
				CE792CEC2561AD97007D1106 /* DesignableLabel.swift in Sources */,
				CE5392902561DB96002C7FFC /* Environment.swift in Sources */,
				CE5392912561DB96002C7FFC /* NetworkError.swift in Sources */,
				CE792CF62561AD98007D1106 /* BaseVC.swift in Sources */,
				CE792C672561AC50007D1106 /* AppDelegate.swift in Sources */,
				CE5392662561CDD7002C7FFC /* Category.swift in Sources */,
				CE53928E2561DB96002C7FFC /* MoyaServiceHelper.swift in Sources */,
				CE792D092561AD98007D1106 /* XIBEx.swift in Sources */,
				36B5EDEB256414150041B40B /* JSONTestDataManager.swift in Sources */,
				CE5392A22561E0B6002C7FFC /* ChannelsAPI.swift in Sources */,
				CE792CEF2561AD98007D1106 /* DesignableView.swift in Sources */,
				CE792D012561AD98007D1106 /* VCActivityEx.swift in Sources */,
				CE5392112561BD1A002C7FFC /* HomeBuilder.swift in Sources */,
				CE792D122561AD98007D1106 /* StoryboardEx.swift in Sources */,
				CE5392A42561E0B6002C7FFC /* ChannelsNetworkManager.swift in Sources */,
				CE53920C2561BD1A002C7FFC /* HomeVCEx.swift in Sources */,
			);
			runOnlyForDeploymentPostprocessing = 0;
		};
		CE792C752561AC54007D1106 /* Sources */ = {
			isa = PBXSourcesBuildPhase;
			buildActionMask = 2147483647;
			files = (
				CE792C7E2561AC54007D1106 /* iChannelsTests.swift in Sources */,
			);
			runOnlyForDeploymentPostprocessing = 0;
		};
/* End PBXSourcesBuildPhase section */

/* Begin PBXTargetDependency section */
		CE792C7B2561AC54007D1106 /* PBXTargetDependency */ = {
			isa = PBXTargetDependency;
			target = CE792C622561AC50007D1106 /* iChannels */;
			targetProxy = CE792C7A2561AC54007D1106 /* PBXContainerItemProxy */;
		};
/* End PBXTargetDependency section */

/* Begin PBXVariantGroup section */
		CE792C6C2561AC50007D1106 /* Home.storyboard */ = {
			isa = PBXVariantGroup;
			children = (
				CE792C6D2561AC50007D1106 /* Base */,
			);
			name = Home.storyboard;
			sourceTree = "<group>";
		};
		CE792C712561AC53007D1106 /* LaunchScreen.storyboard */ = {
			isa = PBXVariantGroup;
			children = (
				CE792C722561AC53007D1106 /* Base */,
			);
			name = LaunchScreen.storyboard;
			sourceTree = "<group>";
		};
/* End PBXVariantGroup section */

/* Begin XCBuildConfiguration section */
		CE792C8B2561AC54007D1106 /* Debug */ = {
			isa = XCBuildConfiguration;
			buildSettings = {
				ALWAYS_SEARCH_USER_PATHS = NO;
				CLANG_ANALYZER_NONNULL = YES;
				CLANG_ANALYZER_NUMBER_OBJECT_CONVERSION = YES_AGGRESSIVE;
				CLANG_CXX_LANGUAGE_STANDARD = "gnu++14";
				CLANG_CXX_LIBRARY = "libc++";
				CLANG_ENABLE_MODULES = YES;
				CLANG_ENABLE_OBJC_ARC = YES;
				CLANG_ENABLE_OBJC_WEAK = YES;
				CLANG_WARN_BLOCK_CAPTURE_AUTORELEASING = YES;
				CLANG_WARN_BOOL_CONVERSION = YES;
				CLANG_WARN_COMMA = YES;
				CLANG_WARN_CONSTANT_CONVERSION = YES;
				CLANG_WARN_DEPRECATED_OBJC_IMPLEMENTATIONS = YES;
				CLANG_WARN_DIRECT_OBJC_ISA_USAGE = YES_ERROR;
				CLANG_WARN_DOCUMENTATION_COMMENTS = YES;
				CLANG_WARN_EMPTY_BODY = YES;
				CLANG_WARN_ENUM_CONVERSION = YES;
				CLANG_WARN_INFINITE_RECURSION = YES;
				CLANG_WARN_INT_CONVERSION = YES;
				CLANG_WARN_NON_LITERAL_NULL_CONVERSION = YES;
				CLANG_WARN_OBJC_IMPLICIT_RETAIN_SELF = YES;
				CLANG_WARN_OBJC_LITERAL_CONVERSION = YES;
				CLANG_WARN_OBJC_ROOT_CLASS = YES_ERROR;
				CLANG_WARN_QUOTED_INCLUDE_IN_FRAMEWORK_HEADER = YES;
				CLANG_WARN_RANGE_LOOP_ANALYSIS = YES;
				CLANG_WARN_STRICT_PROTOTYPES = YES;
				CLANG_WARN_SUSPICIOUS_MOVE = YES;
				CLANG_WARN_UNGUARDED_AVAILABILITY = YES_AGGRESSIVE;
				CLANG_WARN_UNREACHABLE_CODE = YES;
				CLANG_WARN__DUPLICATE_METHOD_MATCH = YES;
				COPY_PHASE_STRIP = NO;
				DEBUG_INFORMATION_FORMAT = dwarf;
				ENABLE_STRICT_OBJC_MSGSEND = YES;
				ENABLE_TESTABILITY = YES;
				GCC_C_LANGUAGE_STANDARD = gnu11;
				GCC_DYNAMIC_NO_PIC = NO;
				GCC_NO_COMMON_BLOCKS = YES;
				GCC_OPTIMIZATION_LEVEL = 0;
				GCC_PREPROCESSOR_DEFINITIONS = (
					"DEBUG=1",
					"$(inherited)",
				);
				GCC_WARN_64_TO_32_BIT_CONVERSION = YES;
				GCC_WARN_ABOUT_RETURN_TYPE = YES_ERROR;
				GCC_WARN_UNDECLARED_SELECTOR = YES;
				GCC_WARN_UNINITIALIZED_AUTOS = YES_AGGRESSIVE;
				GCC_WARN_UNUSED_FUNCTION = YES;
				GCC_WARN_UNUSED_VARIABLE = YES;
				IPHONEOS_DEPLOYMENT_TARGET = 12.2;
				MTL_ENABLE_DEBUG_INFO = INCLUDE_SOURCE;
				MTL_FAST_MATH = YES;
				ONLY_ACTIVE_ARCH = YES;
				SDKROOT = iphoneos;
				SWIFT_ACTIVE_COMPILATION_CONDITIONS = DEBUG;
				SWIFT_OPTIMIZATION_LEVEL = "-Onone";
			};
			name = Debug;
		};
		CE792C8C2561AC54007D1106 /* Release */ = {
			isa = XCBuildConfiguration;
			buildSettings = {
				ALWAYS_SEARCH_USER_PATHS = NO;
				CLANG_ANALYZER_NONNULL = YES;
				CLANG_ANALYZER_NUMBER_OBJECT_CONVERSION = YES_AGGRESSIVE;
				CLANG_CXX_LANGUAGE_STANDARD = "gnu++14";
				CLANG_CXX_LIBRARY = "libc++";
				CLANG_ENABLE_MODULES = YES;
				CLANG_ENABLE_OBJC_ARC = YES;
				CLANG_ENABLE_OBJC_WEAK = YES;
				CLANG_WARN_BLOCK_CAPTURE_AUTORELEASING = YES;
				CLANG_WARN_BOOL_CONVERSION = YES;
				CLANG_WARN_COMMA = YES;
				CLANG_WARN_CONSTANT_CONVERSION = YES;
				CLANG_WARN_DEPRECATED_OBJC_IMPLEMENTATIONS = YES;
				CLANG_WARN_DIRECT_OBJC_ISA_USAGE = YES_ERROR;
				CLANG_WARN_DOCUMENTATION_COMMENTS = YES;
				CLANG_WARN_EMPTY_BODY = YES;
				CLANG_WARN_ENUM_CONVERSION = YES;
				CLANG_WARN_INFINITE_RECURSION = YES;
				CLANG_WARN_INT_CONVERSION = YES;
				CLANG_WARN_NON_LITERAL_NULL_CONVERSION = YES;
				CLANG_WARN_OBJC_IMPLICIT_RETAIN_SELF = YES;
				CLANG_WARN_OBJC_LITERAL_CONVERSION = YES;
				CLANG_WARN_OBJC_ROOT_CLASS = YES_ERROR;
				CLANG_WARN_QUOTED_INCLUDE_IN_FRAMEWORK_HEADER = YES;
				CLANG_WARN_RANGE_LOOP_ANALYSIS = YES;
				CLANG_WARN_STRICT_PROTOTYPES = YES;
				CLANG_WARN_SUSPICIOUS_MOVE = YES;
				CLANG_WARN_UNGUARDED_AVAILABILITY = YES_AGGRESSIVE;
				CLANG_WARN_UNREACHABLE_CODE = YES;
				CLANG_WARN__DUPLICATE_METHOD_MATCH = YES;
				COPY_PHASE_STRIP = NO;
				DEBUG_INFORMATION_FORMAT = "dwarf-with-dsym";
				ENABLE_NS_ASSERTIONS = NO;
				ENABLE_STRICT_OBJC_MSGSEND = YES;
				GCC_C_LANGUAGE_STANDARD = gnu11;
				GCC_NO_COMMON_BLOCKS = YES;
				GCC_WARN_64_TO_32_BIT_CONVERSION = YES;
				GCC_WARN_ABOUT_RETURN_TYPE = YES_ERROR;
				GCC_WARN_UNDECLARED_SELECTOR = YES;
				GCC_WARN_UNINITIALIZED_AUTOS = YES_AGGRESSIVE;
				GCC_WARN_UNUSED_FUNCTION = YES;
				GCC_WARN_UNUSED_VARIABLE = YES;
				IPHONEOS_DEPLOYMENT_TARGET = 12.2;
				MTL_ENABLE_DEBUG_INFO = NO;
				MTL_FAST_MATH = YES;
				SDKROOT = iphoneos;
				SWIFT_COMPILATION_MODE = wholemodule;
				SWIFT_OPTIMIZATION_LEVEL = "-O";
				VALIDATE_PRODUCT = YES;
			};
			name = Release;
		};
		CE792C8E2561AC54007D1106 /* Debug */ = {
			isa = XCBuildConfiguration;
			baseConfigurationReference = C9CC938B7338F09586802941 /* Pods-iChannels.debug.xcconfig */;
			buildSettings = {
				ASSETCATALOG_COMPILER_APPICON_NAME = AppIcon;
				ASSETCATALOG_COMPILER_GLOBAL_ACCENT_COLOR_NAME = AccentColor;
				CODE_SIGN_STYLE = Automatic;
				DEVELOPMENT_TEAM = 7ULS9RAK3M;
				INFOPLIST_FILE = "$(SRCROOT)/iChannels/Supporting Files/Info.plist";
				IPHONEOS_DEPLOYMENT_TARGET = 12.2;
				LD_RUNPATH_SEARCH_PATHS = (
					"$(inherited)",
					"@executable_path/Frameworks",
				);
				PRODUCT_BUNDLE_IDENTIFIER = ibtikar.com.iChannels;
				PRODUCT_NAME = "$(TARGET_NAME)";
				SWIFT_VERSION = 5.0;
				TARGETED_DEVICE_FAMILY = 1;
			};
			name = Debug;
		};
		CE792C8F2561AC54007D1106 /* Release */ = {
			isa = XCBuildConfiguration;
			baseConfigurationReference = E7B14CE1A881034CB561E605 /* Pods-iChannels.release.xcconfig */;
			buildSettings = {
				ASSETCATALOG_COMPILER_APPICON_NAME = AppIcon;
				ASSETCATALOG_COMPILER_GLOBAL_ACCENT_COLOR_NAME = AccentColor;
				CODE_SIGN_STYLE = Automatic;
				DEVELOPMENT_TEAM = 7ULS9RAK3M;
				INFOPLIST_FILE = "$(SRCROOT)/iChannels/Supporting Files/Info.plist";
				IPHONEOS_DEPLOYMENT_TARGET = 12.2;
				LD_RUNPATH_SEARCH_PATHS = (
					"$(inherited)",
					"@executable_path/Frameworks",
				);
				PRODUCT_BUNDLE_IDENTIFIER = ibtikar.com.iChannels;
				PRODUCT_NAME = "$(TARGET_NAME)";
				SWIFT_VERSION = 5.0;
				TARGETED_DEVICE_FAMILY = 1;
			};
			name = Release;
		};
		CE792C912561AC54007D1106 /* Debug */ = {
			isa = XCBuildConfiguration;
			baseConfigurationReference = 957438DAB1C565B0F67F6070 /* Pods-iChannelsTests.debug.xcconfig */;
			buildSettings = {
				ALWAYS_EMBED_SWIFT_STANDARD_LIBRARIES = YES;
				BUNDLE_LOADER = "$(TEST_HOST)";
				CODE_SIGN_STYLE = Automatic;
				DEVELOPMENT_TEAM = 7ULS9RAK3M;
				INFOPLIST_FILE = iChannelsTests/Info.plist;
				IPHONEOS_DEPLOYMENT_TARGET = 12.2;
				LD_RUNPATH_SEARCH_PATHS = (
					"$(inherited)",
					"@executable_path/Frameworks",
					"@loader_path/Frameworks",
				);
				PRODUCT_BUNDLE_IDENTIFIER = faylasof.com.iChannelsTests;
				PRODUCT_NAME = "$(TARGET_NAME)";
				SWIFT_VERSION = 5.0;
				TARGETED_DEVICE_FAMILY = "1,2";
				TEST_HOST = "$(BUILT_PRODUCTS_DIR)/iChannels.app/iChannels";
			};
			name = Debug;
		};
		CE792C922561AC54007D1106 /* Release */ = {
			isa = XCBuildConfiguration;
			baseConfigurationReference = 866A965FE9BD2E83A8BA059E /* Pods-iChannelsTests.release.xcconfig */;
			buildSettings = {
				ALWAYS_EMBED_SWIFT_STANDARD_LIBRARIES = YES;
				BUNDLE_LOADER = "$(TEST_HOST)";
				CODE_SIGN_STYLE = Automatic;
				DEVELOPMENT_TEAM = 7ULS9RAK3M;
				INFOPLIST_FILE = iChannelsTests/Info.plist;
				IPHONEOS_DEPLOYMENT_TARGET = 12.2;
				LD_RUNPATH_SEARCH_PATHS = (
					"$(inherited)",
					"@executable_path/Frameworks",
					"@loader_path/Frameworks",
				);
				PRODUCT_BUNDLE_IDENTIFIER = faylasof.com.iChannelsTests;
				PRODUCT_NAME = "$(TARGET_NAME)";
				SWIFT_VERSION = 5.0;
				TARGETED_DEVICE_FAMILY = "1,2";
				TEST_HOST = "$(BUILT_PRODUCTS_DIR)/iChannels.app/iChannels";
			};
			name = Release;
		};
/* End XCBuildConfiguration section */

/* Begin XCConfigurationList section */
		CE792C5E2561AC50007D1106 /* Build configuration list for PBXProject "iChannels" */ = {
			isa = XCConfigurationList;
			buildConfigurations = (
				CE792C8B2561AC54007D1106 /* Debug */,
				CE792C8C2561AC54007D1106 /* Release */,
			);
			defaultConfigurationIsVisible = 0;
			defaultConfigurationName = Release;
		};
		CE792C8D2561AC54007D1106 /* Build configuration list for PBXNativeTarget "iChannels" */ = {
			isa = XCConfigurationList;
			buildConfigurations = (
				CE792C8E2561AC54007D1106 /* Debug */,
				CE792C8F2561AC54007D1106 /* Release */,
			);
			defaultConfigurationIsVisible = 0;
			defaultConfigurationName = Release;
		};
		CE792C902561AC54007D1106 /* Build configuration list for PBXNativeTarget "iChannelsTests" */ = {
			isa = XCConfigurationList;
			buildConfigurations = (
				CE792C912561AC54007D1106 /* Debug */,
				CE792C922561AC54007D1106 /* Release */,
			);
			defaultConfigurationIsVisible = 0;
			defaultConfigurationName = Release;
		};
/* End XCConfigurationList section */
	};
	rootObject = CE792C5B2561AC50007D1106 /* Project object */;
}
